{
  "name": "es6foreveryone",
  "version": "1.0.0",
  "lockfileVersion": 1,
  "requires": true,
  "dependencies": {
    "balanced-match": {
      "version": "1.0.0",
      "resolved": "https://registry.npmjs.org/balanced-match/-/balanced-match-1.0.0.tgz",
      "integrity": "sha1-ibTRmasr7kneFk6gK4nORi1xt2c="
    },
    "brace-expansion": {
      "version": "1.1.8",
      "resolved": "https://registry.npmjs.org/brace-expansion/-/brace-expansion-1.1.8.tgz",
      "integrity": "sha1-wHshHHyVLsH479Uad+8NHTmQopI=",
      "requires": {
        "balanced-match": "1.0.0",
        "concat-map": "0.0.1"
      }
    },
    "concat-map": {
      "version": "0.0.1",
      "resolved": "https://registry.npmjs.org/concat-map/-/concat-map-0.0.1.tgz",
      "integrity": "sha1-2Klr13/Wjfd5OnMDajug1UBdR3s="
    },
    "eslint-plugin-node": {
      "version": "5.1.1",
      "resolved": "https://registry.npmjs.org/eslint-plugin-node/-/eslint-plugin-node-5.1.1.tgz",
      "integrity": "sha512-3xdoEbPyyQNyGhhqttjgSO3cU/non8QDBJF8ttGaHM2h8CaY5zFIngtqW6ZbLEIvhpoFPDVwiQg61b8zanx5zQ==",
      "requires": {
        "ignore": "3.3.5",
        "minimatch": "3.0.4",
        "resolve": "1.4.0",
        "semver": "5.3.0"
      }
    },
    "growl": {
      "version": "1.10.2",
      "resolved": "https://registry.npmjs.org/growl/-/growl-1.10.2.tgz",
      "integrity": "sha512-nidsnaoWVZIBLwA3sUIp3dA2DP2rT3dwEqINVacQ0+rZmc6UOwj2D729HTEjQYUKb+3wL9MeDbxpZtEiEJoUHQ==",
      "requires": {
        "eslint-plugin-node": "5.1.1"
      }
    },
    "ignore": {
      "version": "3.3.5",
      "resolved": "https://registry.npmjs.org/ignore/-/ignore-3.3.5.tgz",
      "integrity": "sha512-JLH93mL8amZQhh/p6mfQgVBH3M6epNq3DfsXsTSuSrInVjwyYlFE1nv2AgfRCC8PoOhM0jwQ5v8s9LgbK7yGDw=="
    },
    "minimatch": {
      "version": "3.0.4",
      "resolved": "https://registry.npmjs.org/minimatch/-/minimatch-3.0.4.tgz",
      "integrity": "sha512-yJHVQEhyqPLUTgt9B83PXu6W3rx4MvvHvSUvToogpwoGDOUQ+yDrR0HRot+yOCdCO7u4hX3pWft6kWBBcqh0UA==",
      "requires": {
        "brace-expansion": "^1.1.7"
      }
    },
    "path-parse": {
      "version": "1.0.5",
      "resolved": "https://registry.npmjs.org/path-parse/-/path-parse-1.0.5.tgz",
      "integrity": "sha1-PBrfhx6pzWyUMbbqK9dKD/BVxME="
    },
    "resolve": {
      "version": "1.4.0",
      "resolved": "https://registry.npmjs.org/resolve/-/resolve-1.4.0.tgz",
      "integrity": "sha512-aW7sVKPufyHqOmyyLzg/J+8606v5nevBgaliIlV7nUpVMsDnoBGV/cbSLNjZAg9q0Cfd/+easKVKQ8vOu8fn1Q==",
      "requires": {
        "path-parse": "1.0.5"
      }
    },
    "semver": {
      "version": "5.3.0",
      "resolved": "https://registry.npmjs.org/semver/-/semver-5.3.0.tgz",
      "integrity": "sha1-myzl094C0XxgEq0yaqa00M9U+U8="
    }
  }
}
